// !$*UTF8*$!
{
	archiveVersion = 1;
	classes = {
	};
	objectVersion = 46;
	objects = {

/* Begin PBXBuildFile section */
		46228E491E774B2B00815A2D /* ProjectDispatcherViewController.swift in Sources */ = {isa = PBXBuildFile; fileRef = 46228E481E774B2B00815A2D /* ProjectDispatcherViewController.swift */; };
		46228E4B1E774B4500815A2D /* Project.swift in Sources */ = {isa = PBXBuildFile; fileRef = 46228E4A1E774B4500815A2D /* Project.swift */; };
		46228E4D1E774B7F00815A2D /* ProjectDispatcherPresenter.swift in Sources */ = {isa = PBXBuildFile; fileRef = 46228E4C1E774B7F00815A2D /* ProjectDispatcherPresenter.swift */; };
		46228E4F1E774B9900815A2D /* GetProjectListInteractor.swift in Sources */ = {isa = PBXBuildFile; fileRef = 46228E4E1E774B9900815A2D /* GetProjectListInteractor.swift */; };
		46228E531E774CBB00815A2D /* ProjectDispatcherInterface.swift in Sources */ = {isa = PBXBuildFile; fileRef = 46228E521E774CBB00815A2D /* ProjectDispatcherInterface.swift */; };
		462C9B0A1E75E8CF001F99CA /* AppDelegate.swift in Sources */ = {isa = PBXBuildFile; fileRef = 462C9B091E75E8CF001F99CA /* AppDelegate.swift */; };
		462C9B0F1E75E8CF001F99CA /* Main.storyboard in Resources */ = {isa = PBXBuildFile; fileRef = 462C9B0D1E75E8CF001F99CA /* Main.storyboard */; };
		462C9B111E75E8CF001F99CA /* Assets.xcassets in Resources */ = {isa = PBXBuildFile; fileRef = 462C9B101E75E8CF001F99CA /* Assets.xcassets */; };
		462C9B141E75E8CF001F99CA /* LaunchScreen.storyboard in Resources */ = {isa = PBXBuildFile; fileRef = 462C9B121E75E8CF001F99CA /* LaunchScreen.storyboard */; };
		468E29801E86D778003A9C98 /* Section.swift in Sources */ = {isa = PBXBuildFile; fileRef = 468E297F1E86D778003A9C98 /* Section.swift */; };
		468E29901E86FC36003A9C98 /* PinterestCollectionViewCell.swift in Sources */ = {isa = PBXBuildFile; fileRef = 468E29861E86FC36003A9C98 /* PinterestCollectionViewCell.swift */; };
		468E29911E86FC36003A9C98 /* PinterestCollectionViewCell.xib in Resources */ = {isa = PBXBuildFile; fileRef = 468E29871E86FC36003A9C98 /* PinterestCollectionViewCell.xib */; };
		468E29921E86FC36003A9C98 /* PinterestImageLoaderInterface.swift in Sources */ = {isa = PBXBuildFile; fileRef = 468E29881E86FC36003A9C98 /* PinterestImageLoaderInterface.swift */; };
		468E29931E86FC36003A9C98 /* PinterestCollectionViewLayout.swift in Sources */ = {isa = PBXBuildFile; fileRef = 468E29891E86FC36003A9C98 /* PinterestCollectionViewLayout.swift */; };
		468E29941E86FC36003A9C98 /* PinterestFactory.swift in Sources */ = {isa = PBXBuildFile; fileRef = 468E298A1E86FC36003A9C98 /* PinterestFactory.swift */; };
		468E29951E86FC36003A9C98 /* PinterestItem.swift in Sources */ = {isa = PBXBuildFile; fileRef = 468E298B1E86FC36003A9C98 /* PinterestItem.swift */; };
		468E29961E86FC36003A9C98 /* PinterestPresenter.swift in Sources */ = {isa = PBXBuildFile; fileRef = 468E298C1E86FC36003A9C98 /* PinterestPresenter.swift */; };
		468E29971E86FC36003A9C98 /* PinterestProjectDefinition.swift in Sources */ = {isa = PBXBuildFile; fileRef = 468E298D1E86FC36003A9C98 /* PinterestProjectDefinition.swift */; };
		468E29981E86FC36003A9C98 /* PinterestViewController.swift in Sources */ = {isa = PBXBuildFile; fileRef = 468E298E1E86FC36003A9C98 /* PinterestViewController.swift */; };
		468E29991E86FC36003A9C98 /* PinterestViewController.xib in Resources */ = {isa = PBXBuildFile; fileRef = 468E298F1E86FC36003A9C98 /* PinterestViewController.xib */; };
		468E299B1E86FCDC003A9C98 /* WWDC2016AnimationsProject.swift in Sources */ = {isa = PBXBuildFile; fileRef = 468E299A1E86FCDC003A9C98 /* WWDC2016AnimationsProject.swift */; };
		468E299E1E86FD58003A9C98 /* WWDC2016AnimationsViewController.swift in Sources */ = {isa = PBXBuildFile; fileRef = 468E299C1E86FD58003A9C98 /* WWDC2016AnimationsViewController.swift */; };
		468E29A31E870258003A9C98 /* BasicsAnimationsViewController.swift in Sources */ = {isa = PBXBuildFile; fileRef = 468E29A11E870258003A9C98 /* BasicsAnimationsViewController.swift */; };
		468E29A61E87037C003A9C98 /* WWDC2016Animations.storyboard in Resources */ = {isa = PBXBuildFile; fileRef = 468E29A51E87037C003A9C98 /* WWDC2016Animations.storyboard */; };
		468E29A91E870672003A9C98 /* DismissStoryboardSegue.swift in Sources */ = {isa = PBXBuildFile; fileRef = 468E29A81E870672003A9C98 /* DismissStoryboardSegue.swift */; };
		9AD7D914FA02F2B5AEEAA111 /* Pods_uiExamples.framework in Frameworks */ = {isa = PBXBuildFile; fileRef = 33B257876F70CA55F7B3C86F /* Pods_uiExamples.framework */; };
/* End PBXBuildFile section */

/* Begin PBXFileReference section */
		33B257876F70CA55F7B3C86F /* Pods_uiExamples.framework */ = {isa = PBXFileReference; explicitFileType = wrapper.framework; includeInIndex = 0; path = Pods_uiExamples.framework; sourceTree = BUILT_PRODUCTS_DIR; };
		3F2667C97C430E66E9D9E12E /* Pods-uiExamples.release.xcconfig */ = {isa = PBXFileReference; includeInIndex = 1; lastKnownFileType = text.xcconfig; name = "Pods-uiExamples.release.xcconfig"; path = "Pods/Target Support Files/Pods-uiExamples/Pods-uiExamples.release.xcconfig"; sourceTree = "<group>"; };
		46228E481E774B2B00815A2D /* ProjectDispatcherViewController.swift */ = {isa = PBXFileReference; fileEncoding = 4; lastKnownFileType = sourcecode.swift; path = ProjectDispatcherViewController.swift; sourceTree = "<group>"; };
		46228E4A1E774B4500815A2D /* Project.swift */ = {isa = PBXFileReference; fileEncoding = 4; lastKnownFileType = sourcecode.swift; path = Project.swift; sourceTree = "<group>"; };
		46228E4C1E774B7F00815A2D /* ProjectDispatcherPresenter.swift */ = {isa = PBXFileReference; fileEncoding = 4; lastKnownFileType = sourcecode.swift; path = ProjectDispatcherPresenter.swift; sourceTree = "<group>"; };
		46228E4E1E774B9900815A2D /* GetProjectListInteractor.swift */ = {isa = PBXFileReference; fileEncoding = 4; lastKnownFileType = sourcecode.swift; path = GetProjectListInteractor.swift; sourceTree = "<group>"; };
		46228E521E774CBB00815A2D /* ProjectDispatcherInterface.swift */ = {isa = PBXFileReference; fileEncoding = 4; lastKnownFileType = sourcecode.swift; path = ProjectDispatcherInterface.swift; sourceTree = "<group>"; };
		462C9B061E75E8CF001F99CA /* uiExamples.app */ = {isa = PBXFileReference; explicitFileType = wrapper.application; includeInIndex = 0; path = uiExamples.app; sourceTree = BUILT_PRODUCTS_DIR; };
		462C9B091E75E8CF001F99CA /* AppDelegate.swift */ = {isa = PBXFileReference; lastKnownFileType = sourcecode.swift; path = AppDelegate.swift; sourceTree = "<group>"; };
		462C9B0E1E75E8CF001F99CA /* Base */ = {isa = PBXFileReference; lastKnownFileType = file.storyboard; name = Base; path = Base.lproj/Main.storyboard; sourceTree = "<group>"; };
		462C9B101E75E8CF001F99CA /* Assets.xcassets */ = {isa = PBXFileReference; lastKnownFileType = folder.assetcatalog; path = Assets.xcassets; sourceTree = "<group>"; };
		462C9B131E75E8CF001F99CA /* Base */ = {isa = PBXFileReference; lastKnownFileType = file.storyboard; name = Base; path = Base.lproj/LaunchScreen.storyboard; sourceTree = "<group>"; };
		462C9B151E75E8CF001F99CA /* Info.plist */ = {isa = PBXFileReference; lastKnownFileType = text.plist.xml; path = Info.plist; sourceTree = "<group>"; };
		468E297F1E86D778003A9C98 /* Section.swift */ = {isa = PBXFileReference; fileEncoding = 4; lastKnownFileType = sourcecode.swift; path = Section.swift; sourceTree = "<group>"; };
		468E29861E86FC36003A9C98 /* PinterestCollectionViewCell.swift */ = {isa = PBXFileReference; fileEncoding = 4; lastKnownFileType = sourcecode.swift; path = PinterestCollectionViewCell.swift; sourceTree = "<group>"; };
		468E29871E86FC36003A9C98 /* PinterestCollectionViewCell.xib */ = {isa = PBXFileReference; fileEncoding = 4; lastKnownFileType = file.xib; path = PinterestCollectionViewCell.xib; sourceTree = "<group>"; };
		468E29881E86FC36003A9C98 /* PinterestImageLoaderInterface.swift */ = {isa = PBXFileReference; fileEncoding = 4; lastKnownFileType = sourcecode.swift; path = PinterestImageLoaderInterface.swift; sourceTree = "<group>"; };
		468E29891E86FC36003A9C98 /* PinterestCollectionViewLayout.swift */ = {isa = PBXFileReference; fileEncoding = 4; lastKnownFileType = sourcecode.swift; path = PinterestCollectionViewLayout.swift; sourceTree = "<group>"; };
		468E298A1E86FC36003A9C98 /* PinterestFactory.swift */ = {isa = PBXFileReference; fileEncoding = 4; lastKnownFileType = sourcecode.swift; path = PinterestFactory.swift; sourceTree = "<group>"; };
		468E298B1E86FC36003A9C98 /* PinterestItem.swift */ = {isa = PBXFileReference; fileEncoding = 4; lastKnownFileType = sourcecode.swift; path = PinterestItem.swift; sourceTree = "<group>"; };
		468E298C1E86FC36003A9C98 /* PinterestPresenter.swift */ = {isa = PBXFileReference; fileEncoding = 4; lastKnownFileType = sourcecode.swift; path = PinterestPresenter.swift; sourceTree = "<group>"; };
		468E298D1E86FC36003A9C98 /* PinterestProjectDefinition.swift */ = {isa = PBXFileReference; fileEncoding = 4; lastKnownFileType = sourcecode.swift; path = PinterestProjectDefinition.swift; sourceTree = "<group>"; };
		468E298E1E86FC36003A9C98 /* PinterestViewController.swift */ = {isa = PBXFileReference; fileEncoding = 4; lastKnownFileType = sourcecode.swift; path = PinterestViewController.swift; sourceTree = "<group>"; };
		468E298F1E86FC36003A9C98 /* PinterestViewController.xib */ = {isa = PBXFileReference; fileEncoding = 4; lastKnownFileType = file.xib; path = PinterestViewController.xib; sourceTree = "<group>"; };
		468E299A1E86FCDC003A9C98 /* WWDC2016AnimationsProject.swift */ = {isa = PBXFileReference; fileEncoding = 4; lastKnownFileType = sourcecode.swift; path = WWDC2016AnimationsProject.swift; sourceTree = "<group>"; };
		468E299C1E86FD58003A9C98 /* WWDC2016AnimationsViewController.swift */ = {isa = PBXFileReference; fileEncoding = 4; lastKnownFileType = sourcecode.swift; path = WWDC2016AnimationsViewController.swift; sourceTree = "<group>"; };
		468E29A11E870258003A9C98 /* BasicsAnimationsViewController.swift */ = {isa = PBXFileReference; fileEncoding = 4; lastKnownFileType = sourcecode.swift; path = BasicsAnimationsViewController.swift; sourceTree = "<group>"; };
		468E29A51E87037C003A9C98 /* WWDC2016Animations.storyboard */ = {isa = PBXFileReference; fileEncoding = 4; lastKnownFileType = file.storyboard; path = WWDC2016Animations.storyboard; sourceTree = "<group>"; };
		468E29A81E870672003A9C98 /* DismissStoryboardSegue.swift */ = {isa = PBXFileReference; fileEncoding = 4; lastKnownFileType = sourcecode.swift; path = DismissStoryboardSegue.swift; sourceTree = "<group>"; };
		F701A93474D4032D29DC390A /* Pods-uiExamples.debug.xcconfig */ = {isa = PBXFileReference; includeInIndex = 1; lastKnownFileType = text.xcconfig; name = "Pods-uiExamples.debug.xcconfig"; path = "Pods/Target Support Files/Pods-uiExamples/Pods-uiExamples.debug.xcconfig"; sourceTree = "<group>"; };
/* End PBXFileReference section */

/* Begin PBXFrameworksBuildPhase section */
		462C9B031E75E8CF001F99CA /* Frameworks */ = {
			isa = PBXFrameworksBuildPhase;
			buildActionMask = 2147483647;
			files = (
				9AD7D914FA02F2B5AEEAA111 /* Pods_uiExamples.framework in Frameworks */,
			);
			runOnlyForDeploymentPostprocessing = 0;
		};
/* End PBXFrameworksBuildPhase section */

/* Begin PBXGroup section */
		2C7C4812C85704093DF9B327 /* Pods */ = {
			isa = PBXGroup;
			children = (
				F701A93474D4032D29DC390A /* Pods-uiExamples.debug.xcconfig */,
				3F2667C97C430E66E9D9E12E /* Pods-uiExamples.release.xcconfig */,
			);
			name = Pods;
			sourceTree = "<group>";
		};
		46228E471E774B1300815A2D /* ProjectDispatcher */ = {
			isa = PBXGroup;
			children = (
				468E297F1E86D778003A9C98 /* Section.swift */,
				46228E4A1E774B4500815A2D /* Project.swift */,
				46228E481E774B2B00815A2D /* ProjectDispatcherViewController.swift */,
				46228E4C1E774B7F00815A2D /* ProjectDispatcherPresenter.swift */,
				46228E4E1E774B9900815A2D /* GetProjectListInteractor.swift */,
				46228E521E774CBB00815A2D /* ProjectDispatcherInterface.swift */,
			);
			path = ProjectDispatcher;
			sourceTree = "<group>";
		};
		462C9AFD1E75E8CF001F99CA = {
			isa = PBXGroup;
			children = (
				462C9B081E75E8CF001F99CA /* uiExamples */,
				462C9B071E75E8CF001F99CA /* Products */,
				2C7C4812C85704093DF9B327 /* Pods */,
				9732CA1E7D8DBBD2E2C82F31 /* Frameworks */,
			);
			sourceTree = "<group>";
		};
		462C9B071E75E8CF001F99CA /* Products */ = {
			isa = PBXGroup;
			children = (
				462C9B061E75E8CF001F99CA /* uiExamples.app */,
			);
			name = Products;
			sourceTree = "<group>";
		};
		462C9B081E75E8CF001F99CA /* uiExamples */ = {
			isa = PBXGroup;
			children = (
				46228E471E774B1300815A2D /* ProjectDispatcher */,
				468E29811E86FBED003A9C98 /* AppFrameworks */,
				468E29A71E87063E003A9C98 /* Utils */,
				462C9B091E75E8CF001F99CA /* AppDelegate.swift */,
				462C9B0D1E75E8CF001F99CA /* Main.storyboard */,
				462C9B121E75E8CF001F99CA /* LaunchScreen.storyboard */,
				462C9B101E75E8CF001F99CA /* Assets.xcassets */,
				462C9B151E75E8CF001F99CA /* Info.plist */,
			);
			path = uiExamples;
			sourceTree = "<group>";
		};
		468E29811E86FBED003A9C98 /* AppFrameworks */ = {
			isa = PBXGroup;
			children = (
				468E29831E86FC36003A9C98 /* CollectionView */,
				468E29821E86FC06003A9C98 /* WWDC2016Animations */,
			);
			path = AppFrameworks;
			sourceTree = "<group>";
		};
		468E29821E86FC06003A9C98 /* WWDC2016Animations */ = {
			isa = PBXGroup;
			children = (
				468E29A01E87000F003A9C98 /* Basics */,
				468E299A1E86FCDC003A9C98 /* WWDC2016AnimationsProject.swift */,
				468E299C1E86FD58003A9C98 /* WWDC2016AnimationsViewController.swift */,
				468E29A51E87037C003A9C98 /* WWDC2016Animations.storyboard */,
			);
			path = WWDC2016Animations;
			sourceTree = "<group>";
		};
		468E29831E86FC36003A9C98 /* CollectionView */ = {
			isa = PBXGroup;
			children = (
				468E29841E86FC36003A9C98 /* Pinterest */,
			);
			path = CollectionView;
			sourceTree = "<group>";
		};
		468E29841E86FC36003A9C98 /* Pinterest */ = {
			isa = PBXGroup;
			children = (
				468E29851E86FC36003A9C98 /* cells */,
				468E29891E86FC36003A9C98 /* PinterestCollectionViewLayout.swift */,
				468E298A1E86FC36003A9C98 /* PinterestFactory.swift */,
				468E298B1E86FC36003A9C98 /* PinterestItem.swift */,
				468E298C1E86FC36003A9C98 /* PinterestPresenter.swift */,
				468E298D1E86FC36003A9C98 /* PinterestProjectDefinition.swift */,
				468E298E1E86FC36003A9C98 /* PinterestViewController.swift */,
				468E298F1E86FC36003A9C98 /* PinterestViewController.xib */,
			);
			path = Pinterest;
			sourceTree = "<group>";
		};
		468E29851E86FC36003A9C98 /* cells */ = {
			isa = PBXGroup;
			children = (
				468E29861E86FC36003A9C98 /* PinterestCollectionViewCell.swift */,
				468E29871E86FC36003A9C98 /* PinterestCollectionViewCell.xib */,
				468E29881E86FC36003A9C98 /* PinterestImageLoaderInterface.swift */,
			);
			path = cells;
			sourceTree = "<group>";
		};
		468E29A01E87000F003A9C98 /* Basics */ = {
			isa = PBXGroup;
			children = (
				468E29A11E870258003A9C98 /* BasicsAnimationsViewController.swift */,
			);
			path = Basics;
			sourceTree = "<group>";
		};
		468E29A71E87063E003A9C98 /* Utils */ = {
			isa = PBXGroup;
			children = (
				468E29A81E870672003A9C98 /* DismissStoryboardSegue.swift */,
			);
			path = Utils;
			sourceTree = "<group>";
		};
		9732CA1E7D8DBBD2E2C82F31 /* Frameworks */ = {
			isa = PBXGroup;
			children = (
				33B257876F70CA55F7B3C86F /* Pods_uiExamples.framework */,
			);
			name = Frameworks;
			sourceTree = "<group>";
		};
/* End PBXGroup section */

/* Begin PBXNativeTarget section */
		462C9B051E75E8CF001F99CA /* uiExamples */ = {
			isa = PBXNativeTarget;
			buildConfigurationList = 462C9B181E75E8CF001F99CA /* Build configuration list for PBXNativeTarget "uiExamples" */;
			buildPhases = (
				A30CC809F3A661449255BEE7 /* [CP] Check Pods Manifest.lock */,
				462C9B021E75E8CF001F99CA /* Sources */,
				462C9B031E75E8CF001F99CA /* Frameworks */,
				462C9B041E75E8CF001F99CA /* Resources */,
				626D698826069F6D1C2BC938 /* [CP] Embed Pods Frameworks */,
				90AF4D5234E477C236AFD001 /* [CP] Copy Pods Resources */,
			);
			buildRules = (
			);
			dependencies = (
			);
			name = uiExamples;
			productName = uiExamples;
			productReference = 462C9B061E75E8CF001F99CA /* uiExamples.app */;
			productType = "com.apple.product-type.application";
		};
/* End PBXNativeTarget section */

/* Begin PBXProject section */
		462C9AFE1E75E8CF001F99CA /* Project object */ = {
			isa = PBXProject;
			attributes = {
				LastSwiftUpdateCheck = 0820;
				LastUpgradeCheck = 0820;
				ORGANIZATIONNAME = Atenea;
				TargetAttributes = {
					462C9B051E75E8CF001F99CA = {
						CreatedOnToolsVersion = 8.2.1;
						ProvisioningStyle = Automatic;
					};
				};
			};
			buildConfigurationList = 462C9B011E75E8CF001F99CA /* Build configuration list for PBXProject "uiExamples" */;
			compatibilityVersion = "Xcode 3.2";
			developmentRegion = English;
			hasScannedForEncodings = 0;
			knownRegions = (
				en,
				Base,
			);
			mainGroup = 462C9AFD1E75E8CF001F99CA;
			productRefGroup = 462C9B071E75E8CF001F99CA /* Products */;
			projectDirPath = "";
			projectRoot = "";
			targets = (
				462C9B051E75E8CF001F99CA /* uiExamples */,
			);
		};
/* End PBXProject section */

/* Begin PBXResourcesBuildPhase section */
		462C9B041E75E8CF001F99CA /* Resources */ = {
			isa = PBXResourcesBuildPhase;
			buildActionMask = 2147483647;
			files = (
				462C9B141E75E8CF001F99CA /* LaunchScreen.storyboard in Resources */,
				468E29991E86FC36003A9C98 /* PinterestViewController.xib in Resources */,
				468E29911E86FC36003A9C98 /* PinterestCollectionViewCell.xib in Resources */,
				462C9B111E75E8CF001F99CA /* Assets.xcassets in Resources */,
				462C9B0F1E75E8CF001F99CA /* Main.storyboard in Resources */,
				468E29A61E87037C003A9C98 /* WWDC2016Animations.storyboard in Resources */,
			);
			runOnlyForDeploymentPostprocessing = 0;
		};
/* End PBXResourcesBuildPhase section */

/* Begin PBXShellScriptBuildPhase section */
		626D698826069F6D1C2BC938 /* [CP] Embed Pods Frameworks */ = {
			isa = PBXShellScriptBuildPhase;
			buildActionMask = 2147483647;
			files = (
			);
			inputPaths = (
			);
			name = "[CP] Embed Pods Frameworks";
			outputPaths = (
			);
			runOnlyForDeploymentPostprocessing = 0;
			shellPath = /bin/sh;
			shellScript = "\"${SRCROOT}/Pods/Target Support Files/Pods-uiExamples/Pods-uiExamples-frameworks.sh\"\n";
			showEnvVarsInLog = 0;
		};
		90AF4D5234E477C236AFD001 /* [CP] Copy Pods Resources */ = {
			isa = PBXShellScriptBuildPhase;
			buildActionMask = 2147483647;
			files = (
			);
			inputPaths = (
			);
			name = "[CP] Copy Pods Resources";
			outputPaths = (
			);
			runOnlyForDeploymentPostprocessing = 0;
			shellPath = /bin/sh;
			shellScript = "\"${SRCROOT}/Pods/Target Support Files/Pods-uiExamples/Pods-uiExamples-resources.sh\"\n";
			showEnvVarsInLog = 0;
		};
		A30CC809F3A661449255BEE7 /* [CP] Check Pods Manifest.lock */ = {
			isa = PBXShellScriptBuildPhase;
			buildActionMask = 2147483647;
			files = (
			);
			inputPaths = (
			);
			name = "[CP] Check Pods Manifest.lock";
			outputPaths = (
			);
			runOnlyForDeploymentPostprocessing = 0;
			shellPath = /bin/sh;
			shellScript = "diff \"${PODS_ROOT}/../Podfile.lock\" \"${PODS_ROOT}/Manifest.lock\" > /dev/null\nif [ $? != 0 ] ; then\n    # print error to STDERR\n    echo \"error: The sandbox is not in sync with the Podfile.lock. Run 'pod install' or update your CocoaPods installation.\" >&2\n    exit 1\nfi\n";
			showEnvVarsInLog = 0;
		};
/* End PBXShellScriptBuildPhase section */

/* Begin PBXSourcesBuildPhase section */
		462C9B021E75E8CF001F99CA /* Sources */ = {
			isa = PBXSourcesBuildPhase;
			buildActionMask = 2147483647;
			files = (
				468E29A31E870258003A9C98 /* BasicsAnimationsViewController.swift in Sources */,
				468E29801E86D778003A9C98 /* Section.swift in Sources */,
				468E29981E86FC36003A9C98 /* PinterestViewController.swift in Sources */,
				468E299B1E86FCDC003A9C98 /* WWDC2016AnimationsProject.swift in Sources */,
				468E29931E86FC36003A9C98 /* PinterestCollectionViewLayout.swift in Sources */,
				468E29961E86FC36003A9C98 /* PinterestPresenter.swift in Sources */,
				468E29901E86FC36003A9C98 /* PinterestCollectionViewCell.swift in Sources */,
				468E29971E86FC36003A9C98 /* PinterestProjectDefinition.swift in Sources */,
				468E29951E86FC36003A9C98 /* PinterestItem.swift in Sources */,
				46228E4F1E774B9900815A2D /* GetProjectListInteractor.swift in Sources */,
				46228E491E774B2B00815A2D /* ProjectDispatcherViewController.swift in Sources */,
				468E299E1E86FD58003A9C98 /* WWDC2016AnimationsViewController.swift in Sources */,
				468E29941E86FC36003A9C98 /* PinterestFactory.swift in Sources */,
				46228E531E774CBB00815A2D /* ProjectDispatcherInterface.swift in Sources */,
				468E29921E86FC36003A9C98 /* PinterestImageLoaderInterface.swift in Sources */,
				462C9B0A1E75E8CF001F99CA /* AppDelegate.swift in Sources */,
				468E29A91E870672003A9C98 /* DismissStoryboardSegue.swift in Sources */,
				46228E4B1E774B4500815A2D /* Project.swift in Sources */,
				46228E4D1E774B7F00815A2D /* ProjectDispatcherPresenter.swift in Sources */,
			);
			runOnlyForDeploymentPostprocessing = 0;
		};
/* End PBXSourcesBuildPhase section */

/* Begin PBXVariantGroup section */
		462C9B0D1E75E8CF001F99CA /* Main.storyboard */ = {
			isa = PBXVariantGroup;
			children = (
				462C9B0E1E75E8CF001F99CA /* Base */,
			);
			name = Main.storyboard;
			sourceTree = "<group>";
		};
		462C9B121E75E8CF001F99CA /* LaunchScreen.storyboard */ = {
			isa = PBXVariantGroup;
			children = (
				462C9B131E75E8CF001F99CA /* Base */,
			);
			name = LaunchScreen.storyboard;
			sourceTree = "<group>";
		};
/* End PBXVariantGroup section */

/* Begin XCBuildConfiguration section */
		462C9B161E75E8CF001F99CA /* Debug */ = {
			isa = XCBuildConfiguration;
			buildSettings = {
				ALWAYS_SEARCH_USER_PATHS = NO;
				CLANG_ANALYZER_NONNULL = YES;
				CLANG_CXX_LANGUAGE_STANDARD = "gnu++0x";
				CLANG_CXX_LIBRARY = "libc++";
				CLANG_ENABLE_MODULES = YES;
				CLANG_ENABLE_OBJC_ARC = YES;
				CLANG_WARN_BOOL_CONVERSION = YES;
				CLANG_WARN_CONSTANT_CONVERSION = YES;
				CLANG_WARN_DIRECT_OBJC_ISA_USAGE = YES_ERROR;
				CLANG_WARN_DOCUMENTATION_COMMENTS = YES;
				CLANG_WARN_EMPTY_BODY = YES;
				CLANG_WARN_ENUM_CONVERSION = YES;
				CLANG_WARN_INFINITE_RECURSION = YES;
				CLANG_WARN_INT_CONVERSION = YES;
				CLANG_WARN_OBJC_ROOT_CLASS = YES_ERROR;
				CLANG_WARN_SUSPICIOUS_MOVE = YES;
				CLANG_WARN_UNREACHABLE_CODE = YES;
				CLANG_WARN__DUPLICATE_METHOD_MATCH = YES;
				"CODE_SIGN_IDENTITY[sdk=iphoneos*]" = "iPhone Developer";
				COPY_PHASE_STRIP = NO;
				DEBUG_INFORMATION_FORMAT = dwarf;
				ENABLE_STRICT_OBJC_MSGSEND = YES;
				ENABLE_TESTABILITY = YES;
				GCC_C_LANGUAGE_STANDARD = gnu99;
				GCC_DYNAMIC_NO_PIC = NO;
				GCC_NO_COMMON_BLOCKS = YES;
				GCC_OPTIMIZATION_LEVEL = 0;
				GCC_PREPROCESSOR_DEFINITIONS = (
					"DEBUG=1",
					"$(inherited)",
				);
				GCC_WARN_64_TO_32_BIT_CONVERSION = YES;
				GCC_WARN_ABOUT_RETURN_TYPE = YES_ERROR;
				GCC_WARN_UNDECLARED_SELECTOR = YES;
				GCC_WARN_UNINITIALIZED_AUTOS = YES_AGGRESSIVE;
				GCC_WARN_UNUSED_FUNCTION = YES;
				GCC_WARN_UNUSED_VARIABLE = YES;
				IPHONEOS_DEPLOYMENT_TARGET = 10.2;
				MTL_ENABLE_DEBUG_INFO = YES;
				ONLY_ACTIVE_ARCH = YES;
				SDKROOT = iphoneos;
				SWIFT_ACTIVE_COMPILATION_CONDITIONS = DEBUG;
				SWIFT_OPTIMIZATION_LEVEL = "-Onone";
			};
			name = Debug;
		};
		462C9B171E75E8CF001F99CA /* Release */ = {
			isa = XCBuildConfiguration;
			buildSettings = {
				ALWAYS_SEARCH_USER_PATHS = NO;
				CLANG_ANALYZER_NONNULL = YES;
				CLANG_CXX_LANGUAGE_STANDARD = "gnu++0x";
				CLANG_CXX_LIBRARY = "libc++";
				CLANG_ENABLE_MODULES = YES;
				CLANG_ENABLE_OBJC_ARC = YES;
				CLANG_WARN_BOOL_CONVERSION = YES;
				CLANG_WARN_CONSTANT_CONVERSION = YES;
				CLANG_WARN_DIRECT_OBJC_ISA_USAGE = YES_ERROR;
				CLANG_WARN_DOCUMENTATION_COMMENTS = YES;
				CLANG_WARN_EMPTY_BODY = YES;
				CLANG_WARN_ENUM_CONVERSION = YES;
				CLANG_WARN_INFINITE_RECURSION = YES;
				CLANG_WARN_INT_CONVERSION = YES;
				CLANG_WARN_OBJC_ROOT_CLASS = YES_ERROR;
				CLANG_WARN_SUSPICIOUS_MOVE = YES;
				CLANG_WARN_UNREACHABLE_CODE = YES;
				CLANG_WARN__DUPLICATE_METHOD_MATCH = YES;
				"CODE_SIGN_IDENTITY[sdk=iphoneos*]" = "iPhone Developer";
				COPY_PHASE_STRIP = NO;
				DEBUG_INFORMATION_FORMAT = "dwarf-with-dsym";
				ENABLE_NS_ASSERTIONS = NO;
				ENABLE_STRICT_OBJC_MSGSEND = YES;
				GCC_C_LANGUAGE_STANDARD = gnu99;
				GCC_NO_COMMON_BLOCKS = YES;
				GCC_WARN_64_TO_32_BIT_CONVERSION = YES;
				GCC_WARN_ABOUT_RETURN_TYPE = YES_ERROR;
				GCC_WARN_UNDECLARED_SELECTOR = YES;
				GCC_WARN_UNINITIALIZED_AUTOS = YES_AGGRESSIVE;
				GCC_WARN_UNUSED_FUNCTION = YES;
				GCC_WARN_UNUSED_VARIABLE = YES;
				IPHONEOS_DEPLOYMENT_TARGET = 10.2;
				MTL_ENABLE_DEBUG_INFO = NO;
				SDKROOT = iphoneos;
				SWIFT_OPTIMIZATION_LEVEL = "-Owholemodule";
				VALIDATE_PRODUCT = YES;
			};
			name = Release;
		};
		462C9B191E75E8CF001F99CA /* Debug */ = {
			isa = XCBuildConfiguration;
			baseConfigurationReference = F701A93474D4032D29DC390A /* Pods-uiExamples.debug.xcconfig */;
			buildSettings = {
				ASSETCATALOG_COMPILER_APPICON_NAME = AppIcon;
				INFOPLIST_FILE = uiExamples/Info.plist;
				LD_RUNPATH_SEARCH_PATHS = "$(inherited) @executable_path/Frameworks";
				PRODUCT_BUNDLE_IDENTIFIER = com.atenea.uiExamples;
				PRODUCT_NAME = "$(TARGET_NAME)";
				SWIFT_VERSION = 3.0;
				TARGETED_DEVICE_FAMILY = "1,2";
			};
			name = Debug;
		};
		462C9B1A1E75E8CF001F99CA /* Release */ = {
			isa = XCBuildConfiguration;
			baseConfigurationReference = 3F2667C97C430E66E9D9E12E /* Pods-uiExamples.release.xcconfig */;
			buildSettings = {
				ASSETCATALOG_COMPILER_APPICON_NAME = AppIcon;
				INFOPLIST_FILE = uiExamples/Info.plist;
				LD_RUNPATH_SEARCH_PATHS = "$(inherited) @executable_path/Frameworks";
				PRODUCT_BUNDLE_IDENTIFIER = com.atenea.uiExamples;
				PRODUCT_NAME = "$(TARGET_NAME)";
				SWIFT_VERSION = 3.0;
				TARGETED_DEVICE_FAMILY = "1,2";
			};
			name = Release;
		};
/* End XCBuildConfiguration section */

/* Begin XCConfigurationList section */
		462C9B011E75E8CF001F99CA /* Build configuration list for PBXProject "uiExamples" */ = {
			isa = XCConfigurationList;
			buildConfigurations = (
				462C9B161E75E8CF001F99CA /* Debug */,
				462C9B171E75E8CF001F99CA /* Release */,
			);
			defaultConfigurationIsVisible = 0;
			defaultConfigurationName = Release;
		};
		462C9B181E75E8CF001F99CA /* Build configuration list for PBXNativeTarget "uiExamples" */ = {
			isa = XCConfigurationList;
			buildConfigurations = (
				462C9B191E75E8CF001F99CA /* Debug */,
				462C9B1A1E75E8CF001F99CA /* Release */,
			);
			defaultConfigurationIsVisible = 0;
			defaultConfigurationName = Release;
		};
/* End XCConfigurationList section */
	};
	rootObject = 462C9AFE1E75E8CF001F99CA /* Project object */;
}
